
Microsoft Visual Studio Solution File, Format Version 12.00
# Visual Studio Version 17
VisualStudioVersion = 17.1.31903.286
MinimumVisualStudioVersion = 10.0.40219.1
Project("{9A19103F-16F7-4668-BE54-9A1E7A4F7556}") = "Ididit.Wasm", "Ididit.Wasm\Ididit.Wasm.csproj", "{C75997E2-33B1-41A7-9BD1-F0982B9E2D51}"
EndProject
Project("{9A19103F-16F7-4668-BE54-9A1E7A4F7556}") = "Ididit", "Ididit\Ididit.csproj", "{1E7F02CE-761B-4177-9622-451A0F4F62EB}"
EndProject
Project("{9A19103F-16F7-4668-BE54-9A1E7A4F7556}") = "Ididit.WebView.WinForms", "Ididit.WebView.WinForms\Ididit.WebView.WinForms.csproj", "{5C2E028C-0AD6-4884-A447-0DE5404D7978}"
EndProject
Project("{9A19103F-16F7-4668-BE54-9A1E7A4F7556}") = "Ididit.WebView.Wpf", "Ididit.WebView.Wpf\Ididit.WebView.Wpf.csproj", "{48BAB0C2-C5C8-43F0-A324-E3E1268DF8D8}"
EndProject
Project("{9A19103F-16F7-4668-BE54-9A1E7A4F7556}") = "Ididit.WebView.Maui", "Ididit.WebView.Maui\Ididit.WebView.Maui.csproj", "{189AB26B-3E4E-4E1C-A1B3-79E611731CD0}"
EndProject
Project("{9A19103F-16F7-4668-BE54-9A1E7A4F7556}") = "Ididit.WebView", "Ididit.WebView\Ididit.WebView.csproj", "{A3D0D799-B3BE-40FD-BC84-0CB82FDC54A5}"
EndProject
Project("{2150E333-8FDC-42A3-9474-1A3956D46DE8}") = "Solution Items", "Solution Items", "{0A094362-6622-4500-87E3-EFBEEB695F87}"
	ProjectSection(SolutionItems) = preProject
		README.md = README.md
		TODO.md = TODO.md
	EndProjectSection
EndProject
Project("{9A19103F-16F7-4668-BE54-9A1E7A4F7556}") = "Ididit.WebView.Photino", "Ididit.WebView.Photino\Ididit.WebView.Photino.csproj", "{B2301BE1-3AE9-4417-848A-5400A43D811E}"
EndProject
Global
	GlobalSection(SolutionConfigurationPlatforms) = preSolution
		Debug|Any CPU = Debug|Any CPU
		Release|Any CPU = Release|Any CPU
	EndGlobalSection
	GlobalSection(ProjectConfigurationPlatforms) = postSolution
		{C75997E2-33B1-41A7-9BD1-F0982B9E2D51}.Debug|Any CPU.ActiveCfg = Debug|Any CPU
		{C75997E2-33B1-41A7-9BD1-F0982B9E2D51}.Debug|Any CPU.Build.0 = Debug|Any CPU
		{C75997E2-33B1-41A7-9BD1-F0982B9E2D51}.Release|Any CPU.ActiveCfg = Release|Any CPU
		{C75997E2-33B1-41A7-9BD1-F0982B9E2D51}.Release|Any CPU.Build.0 = Release|Any CPU
		{1E7F02CE-761B-4177-9622-451A0F4F62EB}.Debug|Any CPU.ActiveCfg = Debug|Any CPU
		{1E7F02CE-761B-4177-9622-451A0F4F62EB}.Debug|Any CPU.Build.0 = Debug|Any CPU
		{1E7F02CE-761B-4177-9622-451A0F4F62EB}.Release|Any CPU.ActiveCfg = Release|Any CPU
		{1E7F02CE-761B-4177-9622-451A0F4F62EB}.Release|Any CPU.Build.0 = Release|Any CPU
		{5C2E028C-0AD6-4884-A447-0DE5404D7978}.Debug|Any CPU.ActiveCfg = Debug|Any CPU
		{5C2E028C-0AD6-4884-A447-0DE5404D7978}.Debug|Any CPU.Build.0 = Debug|Any CPU
		{5C2E028C-0AD6-4884-A447-0DE5404D7978}.Release|Any CPU.ActiveCfg = Release|Any CPU
		{5C2E028C-0AD6-4884-A447-0DE5404D7978}.Release|Any CPU.Build.0 = Release|Any CPU
		{48BAB0C2-C5C8-43F0-A324-E3E1268DF8D8}.Debug|Any CPU.ActiveCfg = Debug|Any CPU
		{48BAB0C2-C5C8-43F0-A324-E3E1268DF8D8}.Debug|Any CPU.Build.0 = Debug|Any CPU
		{48BAB0C2-C5C8-43F0-A324-E3E1268DF8D8}.Release|Any CPU.ActiveCfg = Release|Any CPU
		{48BAB0C2-C5C8-43F0-A324-E3E1268DF8D8}.Release|Any CPU.Build.0 = Release|Any CPU
		{189AB26B-3E4E-4E1C-A1B3-79E611731CD0}.Debug|Any CPU.ActiveCfg = Debug|Any CPU
		{189AB26B-3E4E-4E1C-A1B3-79E611731CD0}.Debug|Any CPU.Build.0 = Debug|Any CPU
		{189AB26B-3E4E-4E1C-A1B3-79E611731CD0}.Debug|Any CPU.Deploy.0 = Debug|Any CPU
		{189AB26B-3E4E-4E1C-A1B3-79E611731CD0}.Release|Any CPU.ActiveCfg = Release|Any CPU
		{189AB26B-3E4E-4E1C-A1B3-79E611731CD0}.Release|Any CPU.Build.0 = Release|Any CPU
		{189AB26B-3E4E-4E1C-A1B3-79E611731CD0}.Release|Any CPU.Deploy.0 = Release|Any CPU
		{A3D0D799-B3BE-40FD-BC84-0CB82FDC54A5}.Debug|Any CPU.ActiveCfg = Debug|Any CPU
		{A3D0D799-B3BE-40FD-BC84-0CB82FDC54A5}.Debug|Any CPU.Build.0 = Debug|Any CPU
		{A3D0D799-B3BE-40FD-BC84-0CB82FDC54A5}.Release|Any CPU.ActiveCfg = Release|Any CPU
		{A3D0D799-B3BE-40FD-BC84-0CB82FDC54A5}.Release|Any CPU.Build.0 = Release|Any CPU
		{B2301BE1-3AE9-4417-848A-5400A43D811E}.Debug|Any CPU.ActiveCfg = Debug|Any CPU
		{B2301BE1-3AE9-4417-848A-5400A43D811E}.Debug|Any CPU.Build.0 = Debug|Any CPU
		{B2301BE1-3AE9-4417-848A-5400A43D811E}.Release|Any CPU.ActiveCfg = Release|Any CPU
		{B2301BE1-3AE9-4417-848A-5400A43D811E}.Release|Any CPU.Build.0 = Release|Any CPU
	EndGlobalSection
	GlobalSection(SolutionProperties) = preSolution
		HideSolutionNode = FALSE
	EndGlobalSection
	GlobalSection(ExtensibilityGlobals) = postSolution
		SolutionGuid = {85A6C315-A033-45D6-8825-9CED8F58C998}
	EndGlobalSection
EndGlobal
