Microsoft Visual Studio Solution File, Format Version 12.00
# Visual Studio Version 17
VisualStudioVersion = 17.1.31903.286
MinimumVisualStudioVersion = 10.0.40219.1
Project("{9A19103F-16F7-4668-BE54-9A1E7A4F7556}") = "Ididit.Wasm", "Ididit.Wasm\Ididit.Wasm.csproj", "{C75997E2-33B1-41A7-9BD1-F0982B9E2D51}"
EndProject
Project("{9A19103F-16F7-4668-BE54-9A1E7A4F7556}") = "Ididit", "Ididit\Ididit.csproj", "{24B69370-D783-4A94-ACD1-76E21107AE67}"
EndProject
Global
	GlobalSection(SolutionConfigurationPlatforms) = preSolution
		Debug|Any CPU = Debug|Any CPU
		Release|Any CPU = Release|Any CPU
	EndGlobalSection
	GlobalSection(ProjectConfigurationPlatforms) = postSolution
		{C75997E2-33B1-41A7-9BD1-F0982B9E2D51}.Debug|Any CPU.ActiveCfg = Debug|Any CPU
		{C75997E2-33B1-41A7-9BD1-F0982B9E2D51}.Debug|Any CPU.Build.0 = Debug|Any CPU
		{C75997E2-33B1-41A7-9BD1-F0982B9E2D51}.Release|Any CPU.ActiveCfg = Release|Any CPU
		{C75997E2-33B1-41A7-9BD1-F0982B9E2D51}.Release|Any CPU.Build.0 = Release|Any CPU
		{24B69370-D783-4A94-ACD1-76E21107AE67}.Debug|Any CPU.ActiveCfg = Debug|Any CPU
		{24B69370-D783-4A94-ACD1-76E21107AE67}.Debug|Any CPU.Build.0 = Debug|Any CPU
		{24B69370-D783-4A94-ACD1-76E21107AE67}.Release|Any CPU.ActiveCfg = Release|Any CPU
		{24B69370-D783-4A94-ACD1-76E21107AE67}.Release|Any CPU.Build.0 = Release|Any CPU
	EndGlobalSection
	GlobalSection(SolutionProperties) = preSolution
		HideSolutionNode = FALSE
	EndGlobalSection
	GlobalSection(ExtensibilityGlobals) = postSolution
		SolutionGuid = {85A6C315-A033-45D6-8825-9CED8F58C998}
	EndGlobalSection
EndGlobal
